
Microsoft Visual Studio Solution File, Format Version 12.00
# Visual Studio Version 17
VisualStudioVersion = 17.14.36429.23 d17.14
MinimumVisualStudioVersion = 10.0.40219.1
Project("{FAE04EC0-301F-11D3-BF4B-00C04F79EFBC}") = "EFFirstProject", "EFFirstProject.csproj", "{66CC0D14-51BF-413D-8201-3B9E86B6B24A}"
EndProject
Global
	GlobalSection(SolutionConfigurationPlatforms) = preSolution
		Debug|Any CPU = Debug|Any CPU
		Release|Any CPU = Release|Any CPU
	EndGlobalSection
	GlobalSection(ProjectConfigurationPlatforms) = postSolution
		{66CC0D14-51BF-413D-8201-3B9E86B6B24A}.Debug|Any CPU.ActiveCfg = Debug|Any CPU
		{66CC0D14-51BF-413D-8201-3B9E86B6B24A}.Debug|Any CPU.Build.0 = Debug|Any CPU
		{66CC0D14-51BF-413D-8201-3B9E86B6B24A}.Release|Any CPU.ActiveCfg = Release|Any CPU
		{66CC0D14-51BF-413D-8201-3B9E86B6B24A}.Release|Any CPU.Build.0 = Release|Any CPU
	EndGlobalSection
	GlobalSection(SolutionProperties) = preSolution
		HideSolutionNode = FALSE
	EndGlobalSection
	GlobalSection(ExtensibilityGlobals) = postSolution
		SolutionGuid = {D5FE5E11-169B-4116-B38B-B5BE487FD014}
	EndGlobalSection
EndGlobal
